{"version":4,"terraform_version":"1.9.0","serial":7,"lineage":"e269fee7-00de-a3fa-2e71-adffe03ad93b","outputs":{},"resources":[{"mode":"managed","type":"docker_container","name":"nginx","provider":"provider[\"registry.opentofu.org/kreuzwerker/docker\"]","instances":[{"schema_version":2,"attributes":{"attach":false,"bridge":"","capabilities":[],"cgroupns_mode":null,"command":["nginx","-g","daemon off;"],"container_logs":null,"container_read_refresh_timeout_milliseconds":15000,"cpu_set":"","cpu_shares":0,"destroy_grace_seconds":null,"devices":[],"dns":null,"dns_opts":null,"dns_search":null,"domainname":"","entrypoint":["/docker-entrypoint.sh"],"env":[],"exit_code":null,"gpus":null,"group_add":null,"healthcheck":null,"host":[],"hostname":"d42d182a0fd3","id":"d42d182a0fd3131b9d36f81428e4289e1d1f665b9ca215e6cdf374621e1ab5f7","image":"sha256:1530d85bdba64a05d90f5ed988c8f77ccf2cc8582027f3ad8a7c5b39a5c5e22b","init":false,"ipc_mode":"private","labels":[],"log_driver":"json-file","log_opts":null,"logs":false,"max_retry_count":0,"memory":0,"memory_swap":0,"mounts":[],"must_run":true,"name":"terraform-nginx","network_data":[{"gateway":"172.17.0.1","global_ipv6_address":"","global_ipv6_prefix_length":0,"ip_address":"172.17.0.2","ip_prefix_length":16,"ipv6_gateway":"","mac_address":"02:42:ac:11:00:02","network_name":"bridge"}],"network_mode":"bridge","networks_advanced":[],"pid_mode":"","ports":[{"external":8080,"internal":80,"ip":"0.0.0.0","protocol":"tcp"}],"privileged":false,"publish_all_ports":false,"read_only":false,"remove_volumes":true,"restart":"no","rm":false,"runtime":"runc","security_opts":[],"shm_size":64,"start":true,"stdin_open":false,"stop_signal":"SIGQUIT","stop_timeout":0,"storage_opts":null,"sysctls":null,"tmpfs":null,"tty":false,"ulimit":[],"upload":[],"user":"","userns_mode":"","volumes":[],"wait":false,"wait_timeout":60,"working_dir":""},"sensitive_attributes":[],"private":"eyJzY2hlbWFfdmVyc2lvbiI6IjIifQ==","dependencies":["docker_image.nginx"]}]},{"mode":"managed","type":"docker_image","name":"nginx","provider":"provider[\"registry.opentofu.org/kreuzwerker/docker\"]","instances":[{"schema_version":0,"attributes":{"build":[],"force_remove":null,"id":"sha256:1530d85bdba64a05d90f5ed988c8f77ccf2cc8582027f3ad8a7c5b39a5c5e22bnginx:latest","image_id":"sha256:1530d85bdba64a05d90f5ed988c8f77ccf2cc8582027f3ad8a7c5b39a5c5e22b","keep_locally":null,"name":"nginx:latest","platform":null,"pull_triggers":null,"repo_digest":"nginx@sha256:09369da6b10306312cd908661320086bf87fbae1b6b0c49a1f50ba531fef2eab","triggers":null},"sensitive_attributes":[],"private":"bnVsbA=="}]}],"check_results":null}
